
Microsoft Visual Studio Solution File, Format Version 12.00
# Visual Studio Version 17
VisualStudioVersion = 17.11.35327.3
MinimumVisualStudioVersion = 10.0.40219.1
Project("{FAE04EC0-301F-11D3-BF4B-00C04F79EFBC}") = "laba7", "laba7.csproj", "{43C334FD-727F-4E82-87CA-AF08D4ACD722}"
EndProject
Global
	GlobalSection(SolutionConfigurationPlatforms) = preSolution
		Debug|Any CPU = Debug|Any CPU
		Release|Any CPU = Release|Any CPU
	EndGlobalSection
	GlobalSection(ProjectConfigurationPlatforms) = postSolution
		{43C334FD-727F-4E82-87CA-AF08D4ACD722}.Debug|Any CPU.ActiveCfg = Debug|Any CPU
		{43C334FD-727F-4E82-87CA-AF08D4ACD722}.Debug|Any CPU.Build.0 = Debug|Any CPU
		{43C334FD-727F-4E82-87CA-AF08D4ACD722}.Release|Any CPU.ActiveCfg = Release|Any CPU
		{43C334FD-727F-4E82-87CA-AF08D4ACD722}.Release|Any CPU.Build.0 = Release|Any CPU
	EndGlobalSection
	GlobalSection(SolutionProperties) = preSolution
		HideSolutionNode = FALSE
	EndGlobalSection
	GlobalSection(ExtensibilityGlobals) = postSolution
		SolutionGuid = {012AB208-EF8D-4244-AB6D-0B8B22C58BE1}
	EndGlobalSection
EndGlobal
