
Microsoft Visual Studio Solution File, Format Version 12.00
# Visual Studio Version 17
VisualStudioVersion = 17.11.35327.3
MinimumVisualStudioVersion = 10.0.40219.1
Project("{FAE04EC0-301F-11D3-BF4B-00C04F79EFBC}") = "lab4", "lab4.csproj", "{1F889E22-51E6-42A0-9A2F-CA5BA8D9C98F}"
EndProject
Global
	GlobalSection(SolutionConfigurationPlatforms) = preSolution
		Debug|Any CPU = Debug|Any CPU
		Release|Any CPU = Release|Any CPU
	EndGlobalSection
	GlobalSection(ProjectConfigurationPlatforms) = postSolution
		{1F889E22-51E6-42A0-9A2F-CA5BA8D9C98F}.Debug|Any CPU.ActiveCfg = Debug|Any CPU
		{1F889E22-51E6-42A0-9A2F-CA5BA8D9C98F}.Debug|Any CPU.Build.0 = Debug|Any CPU
		{1F889E22-51E6-42A0-9A2F-CA5BA8D9C98F}.Release|Any CPU.ActiveCfg = Release|Any CPU
		{1F889E22-51E6-42A0-9A2F-CA5BA8D9C98F}.Release|Any CPU.Build.0 = Release|Any CPU
	EndGlobalSection
	GlobalSection(SolutionProperties) = preSolution
		HideSolutionNode = FALSE
	EndGlobalSection
	GlobalSection(ExtensibilityGlobals) = postSolution
		SolutionGuid = {A2A960EF-5496-44BA-870B-CB97C4E364EC}
	EndGlobalSection
EndGlobal
