
Microsoft Visual Studio Solution File, Format Version 12.00
# Visual Studio Version 17
VisualStudioVersion = 17.11.35327.3
MinimumVisualStudioVersion = 10.0.40219.1
Project("{FAE04EC0-301F-11D3-BF4B-00C04F79EFBC}") = "lababa11", "lababa11.csproj", "{E5174595-E69D-4319-87F7-7332CC42EEB6}"
EndProject
Global
	GlobalSection(SolutionConfigurationPlatforms) = preSolution
		Debug|Any CPU = Debug|Any CPU
		Release|Any CPU = Release|Any CPU
	EndGlobalSection
	GlobalSection(ProjectConfigurationPlatforms) = postSolution
		{E5174595-E69D-4319-87F7-7332CC42EEB6}.Debug|Any CPU.ActiveCfg = Debug|Any CPU
		{E5174595-E69D-4319-87F7-7332CC42EEB6}.Debug|Any CPU.Build.0 = Debug|Any CPU
		{E5174595-E69D-4319-87F7-7332CC42EEB6}.Release|Any CPU.ActiveCfg = Release|Any CPU
		{E5174595-E69D-4319-87F7-7332CC42EEB6}.Release|Any CPU.Build.0 = Release|Any CPU
	EndGlobalSection
	GlobalSection(SolutionProperties) = preSolution
		HideSolutionNode = FALSE
	EndGlobalSection
	GlobalSection(ExtensibilityGlobals) = postSolution
		SolutionGuid = {857C91D4-9151-4338-A8E6-0DAB25A4A942}
	EndGlobalSection
EndGlobal
