
Microsoft Visual Studio Solution File, Format Version 12.00
# Visual Studio Version 17
VisualStudioVersion = 17.0.31903.59
MinimumVisualStudioVersion = 10.0.40219.1
Project("{FAE04EC0-301F-11D3-BF4B-00C04F79EFBC}") = "ConsoleApp8", "ConsoleApp8\ConsoleApp8.csproj", "{0824EA70-5580-4E92-9FA3-F654735FDCD0}"
EndProject
Global
	GlobalSection(SolutionConfigurationPlatforms) = preSolution
		Debug|Any CPU = Debug|Any CPU
		Release|Any CPU = Release|Any CPU
	EndGlobalSection
	GlobalSection(ProjectConfigurationPlatforms) = postSolution
		{0824EA70-5580-4E92-9FA3-F654735FDCD0}.Debug|Any CPU.ActiveCfg = Debug|Any CPU
		{0824EA70-5580-4E92-9FA3-F654735FDCD0}.Debug|Any CPU.Build.0 = Debug|Any CPU
		{0824EA70-5580-4E92-9FA3-F654735FDCD0}.Release|Any CPU.ActiveCfg = Release|Any CPU
		{0824EA70-5580-4E92-9FA3-F654735FDCD0}.Release|Any CPU.Build.0 = Release|Any CPU
	EndGlobalSection
	GlobalSection(SolutionProperties) = preSolution
		HideSolutionNode = FALSE
	EndGlobalSection
	GlobalSection(ExtensibilityGlobals) = postSolution
		SolutionGuid = {672B9BB4-C20A-4508-975B-23CEB9F074E2}
	EndGlobalSection
EndGlobal
